<?xml version="1.0" encoding="utf-8"?>
<Project ToolsVersion="Current" xmlns="http://schemas.microsoft.com/developer/msbuild/2003">
  <ItemGroup>
    <Filter Include="Modules">
      <UniqueIdentifier>{37d57028-146d-45f3-a56d-2ce7625a3449}</UniqueIdentifier>
    </Filter>
    <Filter Include="Pch">
      <UniqueIdentifier>{da7f5a49-e3fb-46c3-906d-be42b8b651f7}</UniqueIdentifier>
    </Filter>
    <Filter Include="tracing">
      <UniqueIdentifier>{87b365df-267b-4c00-860a-53d129a65a4e}</UniqueIdentifier>
    </Filter>
    <Filter Include="Executors">
      <UniqueIdentifier>{a3399e44-cc5c-45bf-8e6e-ea5f3fcdc8f4}</UniqueIdentifier>
    </Filter>
    <Filter Include="Threading">
      <UniqueIdentifier>{0ffdd86e-d4b2-4517-a8e3-8cb8ee8d8bca}</UniqueIdentifier>
    </Filter>
    <Filter Include="Utils">
      <UniqueIdentifier>{2ad4b85f-faa4-4e14-905c-6c48c8ae1a20}</UniqueIdentifier>
    </Filter>
    <Filter Include="JSI">
      <UniqueIdentifier>{07874914-e3b0-4d02-ad53-3518c2cb8cd8}</UniqueIdentifier>
    </Filter>
    <Filter Include="Networking">
      <UniqueIdentifier>{deefba53-d1ca-457d-9293-1993510e6d5a}</UniqueIdentifier>
    </Filter>
    <Filter Include="Hermes">
      <UniqueIdentifier>{b32590e6-ae3d-4388-ab98-767345ce38c9}</UniqueIdentifier>
    </Filter>
    <Filter Include="Fabric">
      <UniqueIdentifier>{e045612e-bca3-4844-bce8-e75f83e89e05}</UniqueIdentifier>
    </Filter>
    <Filter Include="Fabric\codegen">
      <UniqueIdentifier>{c6241404-615b-4338-8955-e9282c440712}</UniqueIdentifier>
    </Filter>
    <Filter Include="Fabric\codegen\react">
      <UniqueIdentifier>{00b927dc-e868-4e01-80a7-03adbd7ef5af}</UniqueIdentifier>
    </Filter>
    <Filter Include="Fabric\codegen\react\components">
      <UniqueIdentifier>{81771765-0676-4cf8-baab-3656dd4d761f}</UniqueIdentifier>
    </Filter>
    <Filter Include="Fabric\codegen\react\components\rnwcore">
      <UniqueIdentifier>{b84ea036-35e5-4c33-b029-14b35dcbb5ce}</UniqueIdentifier>
    </Filter>
    <Filter Include="Fabric\platform">
      <UniqueIdentifier>{0198c3a8-dcd1-4f17-aa80-769fa8df762f}</UniqueIdentifier>
    </Filter>
    <Filter Include="Fabric\platform\react">
      <UniqueIdentifier>{9bbd1367-8911-4f05-8c3a-b1b82899413d}</UniqueIdentifier>
    </Filter>
    <Filter Include="Fabric\platform\react\renderer">
      <UniqueIdentifier>{f34dccd6-7da9-46e6-b5e2-67f02690ff1d}</UniqueIdentifier>
    </Filter>
    <Filter Include="Fabric\platform\react\renderer\core">
      <UniqueIdentifier>{0bd2cd2a-875b-4f98-851d-b90adac57415}</UniqueIdentifier>
    </Filter>
    <Filter Include="Fabric\platform\react\renderer\graphics">
      <UniqueIdentifier>{1bc720d3-e07d-4a92-a569-11139f183736}</UniqueIdentifier>
    </Filter>
    <Filter Include="Fabric\platform\react\renderer\textlayoutmanager">
      <UniqueIdentifier>{5e9ae667-7a86-4d99-8996-0255534ef606}</UniqueIdentifier>
    </Filter>
    <Filter Include="Fabric\Composition">
      <UniqueIdentifier>{74e10d51-8301-4dfa-9e88-522d810f308f}</UniqueIdentifier>
    </Filter>
    <Filter Include="Fabric\Composition\TextInput">
      <UniqueIdentifier>{5e32924b-0ec4-4876-a84b-0ecd8cecbade}</UniqueIdentifier>
    </Filter>
    <Filter Include="Inspector">
      <UniqueIdentifier>{b71c7172-2cde-4583-9afe-f1cae4c73f40}</UniqueIdentifier>
    </Filter>
  </ItemGroup>
  <ItemGroup>
    <ClCompile Include="$(MSBuildThisFileDirectory)tracing\tracing.cpp">
      <Filter>tracing</Filter>
    </ClCompile>
    <ClCompile Include="$(MSBuildThisFileDirectory)Modules\ExceptionsManagerModule.cpp">
      <Filter>Modules</Filter>
    </ClCompile>
    <ClCompile Include="$(MSBuildThisFileDirectory)Modules\I18nModule.cpp">
      <Filter>Modules</Filter>
    </ClCompile>
    <ClCompile Include="$(MSBuildThisFileDirectory)Modules\PlatformConstantsModule.cpp">
      <Filter>Modules</Filter>
    </ClCompile>
    <ClCompile Include="$(MSBuildThisFileDirectory)Modules\SourceCodeModule.cpp">
      <Filter>Modules</Filter>
    </ClCompile>
    <ClCompile Include="$(MSBuildThisFileDirectory)Modules\StatusBarManagerModule.cpp">
      <Filter>Modules</Filter>
    </ClCompile>
    <ClCompile Include="$(MSBuildThisFileDirectory)BaseScriptStoreImpl.cpp" />
    <ClCompile Include="$(MSBuildThisFileDirectory)ChakraRuntimeHolder.cpp" />
    <ClCompile Include="$(MSBuildThisFileDirectory)CxxMessageQueue.cpp" />
    <ClCompile Include="$(MSBuildThisFileDirectory)JSBigAbiString.cpp" />
    <ClCompile Include="$(MSBuildThisFileDirectory)LayoutAnimation.cpp" />
    <ClCompile Include="$(MSBuildThisFileDirectory)TurboModuleManager.cpp" />
    <ClCompile Include="$(MSBuildThisFileDirectory)Utils.cpp" />
    <ClCompile Include="$(MSBuildThisFileDirectory)InstanceManager.cpp" />
    <ClCompile Include="$(MSBuildThisFileDirectory)MemoryMappedBuffer.cpp" />
    <ClCompile Include="$(MSBuildThisFileDirectory)Logging.cpp" />
    <ClCompile Include="$(MSBuildThisFileDirectory)OInstance.cpp" />
    <ClCompile Include="$(MSBuildThisFileDirectory)DevSupportManager.cpp" />
    <ClCompile Include="$(MSBuildThisFileDirectory)Executors\WebSocketJSExecutor.cpp">
      <Filter>Executors</Filter>
    </ClCompile>
    <ClCompile Include="$(MSBuildThisFileDirectory)Executors\WebSocketJSExecutorFactory.cpp">
      <Filter>Executors</Filter>
    </ClCompile>
    <ClCompile Include="$(MSBuildThisFileDirectory)Modules\NetworkingModule.cpp">
      <Filter>Modules</Filter>
    </ClCompile>
    <ClCompile Include="$(MSBuildThisFileDirectory)Threading\BatchingQueueThread.cpp">
      <Filter>Threading</Filter>
    </ClCompile>
    <ClCompile Include="$(MSBuildThisFileDirectory)Threading\MessageDispatchQueue.cpp">
      <Filter>Threading</Filter>
    </ClCompile>
    <ClCompile Include="$(MSBuildThisFileDirectory)Threading\MessageQueueThreadFactory.cpp">
      <Filter>Threading</Filter>
    </ClCompile>
    <ClCompile Include="$(MSBuildThisFileDirectory)PackagerConnection.cpp">
      <Filter>Source Files</Filter>
    </ClCompile>
    <ClCompile Include="$(MSBuildThisFileDirectory)Modules\WebSocketModule.cpp">
      <Filter>Modules</Filter>
    </ClCompile>
    <ClCompile Include="$(MSBuildThisFileDirectory)JSI\ChakraApi.cpp">
      <Filter>JSI</Filter>
    </ClCompile>
    <ClCompile Include="$(MSBuildThisFileDirectory)JSI\ChakraRuntime.cpp">
      <Filter>JSI</Filter>
    </ClCompile>
    <ClCompile Include="$(MSBuildThisFileDirectory)RuntimeOptions.cpp">
      <Filter>Source Files</Filter>
    </ClCompile>
    <ClCompile Include="$(MSBuildThisFileDirectory)JSI\ChakraJsiRuntime_edgemode.cpp">
      <Filter>JSI</Filter>
    </ClCompile>
    <ClCompile Include="$(MSBuildThisFileDirectory)JSI\JSExecutorFactorySettings.cpp">
      <Filter>JSI</Filter>
    </ClCompile>
    <ClCompile Include="$(MSBuildThisFileDirectory)Modules\HttpModule.cpp">
      <Filter>Modules</Filter>
    </ClCompile>
    <ClCompile Include="$(MSBuildThisFileDirectory)Utils\WinRTConversions.cpp">
      <Filter>Utils</Filter>
    </ClCompile>
    <ClCompile Include="$(MSBuildThisFileDirectory)Networking\OriginPolicyHttpFilter.cpp">
      <Filter>Networking</Filter>
    </ClCompile>
    <ClCompile Include="$(MSBuildThisFileDirectory)Networking\WinRTHttpResource.cpp">
      <Filter>Networking</Filter>
    </ClCompile>
    <ClCompile Include="$(MSBuildThisFileDirectory)Networking\WinRTWebSocketResource.cpp">
      <Filter>Networking</Filter>
    </ClCompile>
    <ClCompile Include="$(ReactNativeWindowsDir)Microsoft.ReactNative\Modules\ReactRootViewTagGenerator.cpp" />
    <ClCompile Include="$(MSBuildThisFileDirectory)Modules\CxxModuleUtilities.cpp">
      <Filter>Modules</Filter>
    </ClCompile>
    <ClCompile Include="$(MSBuildThisFileDirectory)Modules\FileReaderModule.cpp">
      <Filter>Modules</Filter>
    </ClCompile>
    <ClCompile Include="$(MSBuildThisFileDirectory)Networking\RedirectHttpFilter.cpp">
      <Filter>Networking</Filter>
    </ClCompile>
    <ClCompile Include="$(MSBuildThisFileDirectory)Modules\BlobModule.cpp">
      <Filter>Modules</Filter>
    </ClCompile>
    <ClCompile Include="$(ReactNativeWindowsDir)Microsoft.ReactNative\Utils\ImageUtils.cpp" />
    <ClCompile Include="$(ReactNativeWindowsDir)Microsoft.ReactNative\Utils\Helpers.cpp" />
    <ClCompile Include="$(ReactNativeWindowsDir)Microsoft.ReactNative\Views\DevMenu.cpp" />
    <ClCompile Include="$(MSBuildThisFileDirectory)..\codegen\react\components\rnwcore\EventEmitters.cpp">
      <Filter>Fabric\codegen\react\components\rnwcore</Filter>
    </ClCompile>
    <ClCompile Include="$(MSBuildThisFileDirectory)..\codegen\react\components\rnwcore\Props.cpp">
      <Filter>Fabric\codegen\react\components\rnwcore</Filter>
    </ClCompile>
    <ClCompile Include="$(MSBuildThisFileDirectory)..\codegen\react\components\rnwcore\ShadowNodes.cpp">
      <Filter>Fabric\codegen\react\components\rnwcore</Filter>
    </ClCompile>
    <ClCompile Include="$(MSBuildThisFileDirectory)..\Microsoft.ReactNative\Fabric\ComponentView.cpp">
      <Filter>Fabric</Filter>
    </ClCompile>
    <ClCompile Include="$(MSBuildThisFileDirectory)..\Microsoft.ReactNative\Fabric\DWriteHelpers.cpp">
      <Filter>Fabric</Filter>
    </ClCompile>
    <ClCompile Include="$(MSBuildThisFileDirectory)..\Microsoft.ReactNative\Fabric\FabricUIManagerModule.cpp">
      <Filter>Fabric</Filter>
    </ClCompile>
    <ClCompile Include="$(MSBuildThisFileDirectory)..\Microsoft.ReactNative\Fabric\ImageManager.cpp">
      <Filter>Fabric</Filter>
    </ClCompile>
    <ClCompile Include="$(MSBuildThisFileDirectory)..\Microsoft.ReactNative\Fabric\ImageRequest.cpp">
      <Filter>Fabric</Filter>
    </ClCompile>
    <ClCompile Include="$(MSBuildThisFileDirectory)..\Microsoft.ReactNative\Fabric\ReactNativeConfigProperties.cpp">
      <Filter>Fabric</Filter>
    </ClCompile>
    <ClCompile Include="$(MSBuildThisFileDirectory)..\Microsoft.ReactNative\Fabric\WindowsImageManager.cpp">
      <Filter>Fabric</Filter>
    </ClCompile>
    <ClCompile Include="$(MSBuildThisFileDirectory)..\Microsoft.ReactNative\SchedulerSettings.cpp">
      <Filter>Source Files</Filter>
    </ClCompile>
    <ClCompile Include="$(MSBuildThisFileDirectory)..\Microsoft.ReactNative\Fabric\Composition\ActivityIndicatorComponentView.cpp">
      <Filter>Fabric\Composition</Filter>
    </ClCompile>
    <ClCompile Include="$(MSBuildThisFileDirectory)..\Microsoft.ReactNative\Fabric\Composition\ComponentViewRegistry.cpp">
      <Filter>Fabric\Composition</Filter>
    </ClCompile>
    <ClCompile Include="$(MSBuildThisFileDirectory)..\Microsoft.ReactNative\Fabric\Composition\CompositionEventHandler.cpp">
      <Filter>Fabric\Composition</Filter>
    </ClCompile>
    <ClCompile Include="$(MSBuildThisFileDirectory)..\Microsoft.ReactNative\Fabric\Composition\CompositionHelpers.cpp">
      <Filter>Fabric\Composition</Filter>
    </ClCompile>
    <ClCompile Include="$(MSBuildThisFileDirectory)..\Microsoft.ReactNative\Fabric\Composition\ImageComponentView.cpp">
      <Filter>Fabric\Composition</Filter>
    </ClCompile>
    <ClCompile Include="$(MSBuildThisFileDirectory)..\Microsoft.ReactNative\Fabric\Composition\Modal\WindowsModalHostViewComponentView.cpp">
      <Filter>Fabric\Composition</Filter>
    </ClCompile>
    <ClCompile Include="$(MSBuildThisFileDirectory)..\Microsoft.ReactNative\Fabric\Composition\Modal\WindowsModalHostViewShadowNode.cpp">
      <Filter>Fabric\Composition</Filter>
    </ClCompile>
    <ClCompile Include="$(MSBuildThisFileDirectory)..\Microsoft.ReactNative\Fabric\Composition\ParagraphComponentView.cpp">
      <Filter>Fabric\Composition</Filter>
    </ClCompile>
    <ClCompile Include="$(MSBuildThisFileDirectory)..\Microsoft.ReactNative\Fabric\Composition\ScrollViewComponentView.cpp">
      <Filter>Fabric\Composition</Filter>
    </ClCompile>
    <ClCompile Include="$(MSBuildThisFileDirectory)..\Microsoft.ReactNative\Fabric\Composition\SwitchComponentView.cpp">
      <Filter>Fabric\Composition</Filter>
    </ClCompile>
    <ClCompile Include="$(MSBuildThisFileDirectory)..\Microsoft.ReactNative\Fabric\Composition\TextInput\WindowsTextInputComponentView.cpp">
      <Filter>Fabric\Composition\TextInput</Filter>
    </ClCompile>
    <ClCompile Include="$(MSBuildThisFileDirectory)..\Microsoft.ReactNative\Fabric\Composition\TextInput\WindowsTextInputEventEmitter.cpp">
      <Filter>Fabric\Composition\TextInput</Filter>
    </ClCompile>
    <ClCompile Include="$(MSBuildThisFileDirectory)..\Microsoft.ReactNative\Fabric\Composition\TextInput\WindowsTextInputProps.cpp">
      <Filter>Fabric\Composition\TextInput</Filter>
    </ClCompile>
    <ClCompile Include="$(MSBuildThisFileDirectory)..\Microsoft.ReactNative\Fabric\Composition\TextInput\WindowsTextInputShadowNode.cpp">
      <Filter>Fabric\Composition\TextInput</Filter>
    </ClCompile>
    <ClCompile Include="$(MSBuildThisFileDirectory)..\Microsoft.ReactNative\Fabric\Composition\TextInput\WindowsTextInputState.cpp">
      <Filter>Fabric\Composition\TextInput</Filter>
    </ClCompile>
    <ClCompile Include="$(MSBuildThisFileDirectory)..\Microsoft.ReactNative\Fabric\Composition\CompositionContextHelper.cpp">
      <Filter>Fabric\Composition</Filter>
    </ClCompile>
    <ClCompile Include="$(MSBuildThisFileDirectory)..\Microsoft.ReactNative\Fabric\Composition\CompositionHwndHost.cpp">
      <Filter>Fabric\Composition</Filter>
    </ClCompile>
    <ClCompile Include="$(MSBuildThisFileDirectory)..\Microsoft.ReactNative\Fabric\Composition\CompositionRootAutomationProvider.cpp">
      <Filter>Fabric\Composition</Filter>
    </ClCompile>
    <ClCompile Include="$(MSBuildThisFileDirectory)..\Microsoft.ReactNative\Fabric\Composition\CompositionDynamicAutomationProvider.cpp">
      <Filter>Fabric\Composition</Filter>
    </ClCompile>
    <ClCompile Include="$(MSBuildThisFileDirectory)..\Microsoft.ReactNative\Fabric\Composition\ReactNativeIsland.cpp">
      <Filter>Fabric\Composition</Filter>
    </ClCompile>
    <ClCompile Include="$(MSBuildThisFileDirectory)..\Microsoft.ReactNative\Fabric\Composition\CompositionUIService.cpp">
      <Filter>Fabric\Composition</Filter>
    </ClCompile>
    <ClCompile Include="$(MSBuildThisFileDirectory)..\Microsoft.ReactNative\Fabric\Composition\CompositionContextHelper.cpp">
      <Filter>Fabric</Filter>
    </ClCompile>
    <ClCompile Include="$(MSBuildThisFileDirectory)..\Microsoft.ReactNative\Fabric\Composition\CompositionHwndHost.cpp">
      <Filter>Fabric</Filter>
    </ClCompile>
    <ClCompile Include="$(MSBuildThisFileDirectory)..\Microsoft.ReactNative\Fabric\Composition\ReactNativeIsland.cpp">
      <Filter>Fabric</Filter>
    </ClCompile>
    <ClCompile Include="$(MSBuildThisFileDirectory)..\Microsoft.ReactNative\Fabric\Composition\CompositionUIService.cpp">
      <Filter>Fabric</Filter>
    </ClCompile>
    <ClCompile Include="$(MSBuildThisFileDirectory)..\Microsoft.ReactNative\Fabric\platform\react\renderer\textlayoutmanager\TextLayoutManager.cpp">
      <Filter>Fabric\platform\react\renderer\textlayoutmanager</Filter>
    </ClCompile>
    <ClCompile Include="$(MSBuildThisFileDirectory)..\Microsoft.ReactNative\Fabric\Composition\RootComponentView.cpp" />
    <ClCompile Include="$(MSBuildThisFileDirectory)..\Microsoft.ReactNative\Fabric\Composition\UnimplementedNativeViewComponentView.cpp" />
    <ClCompile Include="$(MSBuildThisFileDirectory)..\Microsoft.ReactNative\Fabric\AbiViewComponentDescriptor.cpp" />
    <ClCompile Include="$(MSBuildThisFileDirectory)..\Microsoft.ReactNative\Fabric\AbiViewProps.cpp" />
    <ClCompile Include="$(MSBuildThisFileDirectory)..\Microsoft.ReactNative\Fabric\WindowsComponentDescriptorRegistry.cpp" />
    <ClCompile Include="$(MSBuildThisFileDirectory)..\Microsoft.ReactNative\Fabric\Composition\UiaHelpers.cpp" />
    <ClCompile Include="$(MSBuildThisFileDirectory)..\Microsoft.ReactNative\Fabric\Composition\UnimplementedNativeViewComponentView.cpp" />
    <ClCompile Include="$(ReactNativeWindowsDir)Microsoft.ReactNative\Modules\DevSettingsModule.cpp" />
    <ClCompile Include="$(ReactNativeWindowsDir)Microsoft.ReactNative\NativeModulesProvider.cpp" />
    <ClCompile Include="$(ReactNativeWindowsDir)Microsoft.ReactNative\ReactHost\AsyncActionQueue.cpp" />
    <ClCompile Include="$(ReactNativeWindowsDir)Microsoft.ReactNative\ReactHost\CrashManager.cpp" />
    <ClCompile Include="$(ReactNativeWindowsDir)Microsoft.ReactNative\ReactHost\JSBundle_Win32.cpp" />
    <ClCompile Include="$(ReactNativeWindowsDir)Microsoft.ReactNative\ReactHost\JSBundle.cpp" />
    <ClCompile Include="$(ReactNativeWindowsDir)Microsoft.ReactNative\ReactHost\JSCallInvokerScheduler.cpp" />
    <ClCompile Include="$(ReactNativeWindowsDir)Microsoft.ReactNative\ReactHost\MsoReactContext.cpp" />
    <ClCompile Include="$(ReactNativeWindowsDir)Microsoft.ReactNative\ReactHost\MsoUtils.cpp" />
    <ClCompile Include="$(ReactNativeWindowsDir)Microsoft.ReactNative\ReactHost\ReactErrorProvider.cpp" />
    <ClCompile Include="$(ReactNativeWindowsDir)Microsoft.ReactNative\ReactHost\ReactHost.cpp" />
    <ClCompile Include="$(ReactNativeWindowsDir)Microsoft.ReactNative\ReactHost\ReactInstanceWin.cpp" />
    <ClCompile Include="$(ReactNativeWindowsDir)Microsoft.ReactNative\RedBox.cpp" />
    <ClCompile Include="$(ReactNativeWindowsDir)Microsoft.ReactNative\RedBoxErrorFrameInfo.cpp" />
    <ClCompile Include="$(ReactNativeWindowsDir)Microsoft.ReactNative\RedBoxErrorInfo.cpp" />
    <ClCompile Include="$(ReactNativeWindowsDir)Microsoft.ReactNative\TurboModulesProvider.cpp" />
    <ClCompile Include="$(MSBuildThisFileDirectory)BaseFileReaderResource.cpp">
      <Filter>Source Files</Filter>
    </ClCompile>
    <ClCompile Include="$(MSBuildThisFileDirectory)HermesRuntimeHolder.cpp">
      <Filter>Hermes</Filter>
    </ClCompile>
    <ClCompile Include="$(MSBuildThisFileDirectory)HermesSamplingProfiler.cpp">
      <Filter>Hermes</Filter>
    </ClCompile>
    <ClCompile Include="$(NodeApiJsiDir)src\ApiLoaders\HermesApi.cpp" />
    <ClCompile Include="$(MSBuildThisFileDirectory)JSI\V8RuntimeHolder.cpp" />
    <ClCompile Include="$(MSBuildThisFileDirectory)SafeLoadLibrary.cpp" />
    <ClCompile Include="$(MSBuildThisFileDirectory)Hasher.cpp" />
    <ClCompile Include="$(MSBuildThisFileDirectory)V8JSIRuntimeHolder.cpp" />
    <ClCompile Include="$(MSBuildThisFileDirectory)Networking\DefaultBlobResource.cpp">
      <Filter>Networking</Filter>
    </ClCompile>
    <ClCompile Include="$(MSBuildThisFileDirectory)..\Microsoft.ReactNative\Fabric\platform\react\renderer\components\view\HostPlatformViewProps.cpp" />
    <ClCompile Include="$(MSBuildThisFileDirectory)..\Microsoft.ReactNative\Fabric\platform\react\renderer\components\view\HostPlatformViewEventEmitter.cpp" />
    <ClCompile Include="$(MSBuildThisFileDirectory)..\Microsoft.ReactNative\Fabric\Composition\Theme.cpp" />
    <ClCompile Include="$(MSBuildThisFileDirectory)Modules\BlobCollector.cpp">
      <Filter>Modules</Filter>
    </ClCompile>
    <ClCompile Include="$(MSBuildThisFileDirectory)..\Microsoft.ReactNative\AsynchronousEventBeat.cpp" />
    <ClCompile Include="$(MSBuildThisFileDirectory)..\Microsoft.ReactNative\SynchronousEventBeat.cpp" />
    <ClCompile Include="$(ReactNativeDir)\ReactCommon\react\renderer\runtimescheduler\RuntimeScheduler.cpp" />
    <ClCompile Include="$(ReactNativeDir)\ReactCommon\react\renderer\runtimescheduler\RuntimeScheduler_Legacy.cpp" />
    <ClCompile Include="$(ReactNativeDir)\ReactCommon\react\renderer\runtimescheduler\RuntimeScheduler_Modern.cpp" />
    <ClCompile Include="$(ReactNativeDir)\ReactCommon\react\renderer\runtimescheduler\RuntimeSchedulerBinding.cpp" />
    <ClCompile Include="$(ReactNativeDir)\ReactCommon\react\renderer\runtimescheduler\RuntimeSchedulerCallInvoker.cpp" />
    <ClCompile Include="$(ReactNativeDir)\ReactCommon\react\renderer\runtimescheduler\Task.cpp" />
    <ClCompile Include="$(ReactNativeDir)\ReactCommon\react\renderer\components\scrollview\ScrollEvent.cpp" />
    <ClCompile Include="$(ReactNativeDir)\ReactCommon\react\utils\CoreFeatures.cpp" />
    <ClCompile Include="$(MSBuildThisFileDirectory)..\Microsoft.ReactNative\Fabric\platform\react\renderer\graphics\PlatformColorUtils.cpp" />
    <ClCompile Include="$(MSBuildThisFileDirectory)..\Microsoft.ReactNative\Fabric\AbiViewShadowNode.cpp" />
    <ClCompile Include="$(MSBuildThisFileDirectory)..\Microsoft.ReactNative\Fabric\AbiState.cpp" />
    <ClCompile Include="$(ReactNativeWindowsDir)Microsoft.ReactNative\Utils\ThemeUtils.cpp" />
    <ClCompile Include="$(MSBuildThisFileDirectory)..\Microsoft.ReactNative\Fabric\Composition\DebuggingOverlayComponentView.cpp" />
    <ClCompile Include="$(MSBuildThisFileDirectory)..\Microsoft.ReactNative\Fabric\Composition\CompositionViewComponentView.cpp" />
    <ClCompile Include="$(MSBuildThisFileDirectory)..\Microsoft.ReactNative\Fabric\AbiComponentDescriptor.cpp" />
    <ClCompile Include="$(MSBuildThisFileDirectory)..\Microsoft.ReactNative\Fabric\AbiShadowNode.cpp" />
    <ClCompile Include="$(ReactNativeWindowsDir)Microsoft.ReactNative\Modules\PlatformConstantsWinModule.cpp" />
    <ClCompile Include="$(ReactNativeWindowsDir)Microsoft.ReactNative\Modules\ExceptionsManager.cpp" />
    <ClCompile Include="$(ReactNativeWindowsDir)Microsoft.ReactNative\Modules\SampleTurboModule.cpp" />
    <ClCompile Include="$(ReactNativeWindowsDir)Microsoft.ReactNative\Modules\SourceCode.cpp" />
    <ClCompile Include="$(ReactNativeWindowsDir)Microsoft.ReactNative\Modules\Timing.cpp" />
    <ClCompile Include="$(ReactNativeDir)\ReactCommon\react\featureflags\ReactNativeFeatureFlags.cpp" />
    <ClCompile Include="$(ReactNativeDir)\ReactCommon\react\featureflags\ReactNativeFeatureFlagsAccessor.cpp" />
    <ClCompile Include="$(ReactNativeDir)\ReactCommon\jsinspector-modern\InstanceTarget.cpp" />
    <ClCompile Include="$(ReactNativeDir)\ReactCommon\jsinspector-modern\InstanceAgent.cpp" />
    <ClCompile Include="$(ReactNativeDir)\ReactCommon\jsinspector-modern\HostAgent.cpp" />
    <ClCompile Include="$(ReactNativeDir)\ReactCommon\jsinspector-modern\HostTarget.cpp" />
    <ClCompile Include="$(ReactNativeDir)\ReactCommon\jsinspector-modern\InspectorUtilities.cpp" />
    <ClCompile Include="$(ReactNativeDir)\ReactCommon\jsinspector-modern\RuntimeAgent.cpp" />
    <ClCompile Include="$(ReactNativeDir)\ReactCommon\cxxreact\Instance.cpp" />
    <ClCompile Include="$(ReactNativeDir)\ReactCommon\jsinspector-modern\FallbackRuntimeAgentDelegate.cpp" />
    <ClCompile Include="$(ReactNativeDir)\ReactCommon\jsinspector-modern\FallbackRuntimeTargetDelegate.cpp" />
    <ClCompile Include="$(ReactNativeDir)\ReactCommon\jsinspector-modern\RuntimeTarget.cpp" />
    <ClCompile Include="$(ReactNativeDir)\ReactCommon\jsinspector-modern\RuntimeTargetDebuggerSessionObserver.cpp" />
    <ClCompile Include="$(ReactNativeDir)\ReactCommon\jsinspector-modern\ExecutionContextManager.cpp" />
    <ClCompile Include="$(ReactNativeDir)\ReactCommon\jsinspector-modern\ExecutionContext.cpp" />
    <ClCompile Include="$(ReactNativeDir)\ReactCommon\jsinspector-modern\CdpJson.cpp" />
    <ClCompile Include="$(ReactNativeDir)\ReactCommon\jsinspector-modern\ConsoleMessage.cpp" />
    <ClCompile Include="$(ReactNativeDir)\ReactCommon\jsinspector-modern\NetworkIOAgent.cpp" />
    <ClCompile Include="$(ReactNativeDir)\ReactCommon\react\utils\jsi-utils.cpp" />
    <ClCompile Include="$(MSBuildThisFileDirectory)..\Microsoft.ReactNative\Fabric\Composition\TextDrawing.cpp" />
    <ClCompile Include="$(ReactNativeDir)\ReactCommon\react\renderer\graphics\ColorComponents.cpp" />
    <ClCompile Include="$(ReactNativeDir)\ReactCommon\cxxreact\JSExecutor.cpp" />
    <ClCompile Include="$(ReactNativeDir)\ReactCommon\jsinspector-modern\RuntimeTargetConsole.cpp" />
    <ClCompile Include="$(MSBuildThisFileDirectory)Networking\NetworkPropertyIds.cpp" />
    <ClCompile Include="$(MSBuildThisFileDirectory)..\Microsoft.ReactNative\Fabric\AbiEventEmitter.cpp" />
    <ClCompile Include="$(MSBuildThisFileDirectory)ModernInspectorPackagerConnectionDelegate.cpp">
      <Filter>Inspector</Filter>
    </ClCompile>
    <ClCompile Include="$(MSBuildThisFileDirectory)InspectorPackagerConnection.cpp">
      <Filter>Inspector</Filter>
    </ClCompile>
  </ItemGroup>
  <ItemGroup>
    <ClInclude Include="$(MSBuildThisFileDirectory)Modules\ExceptionsManagerModule.h">
      <Filter>Modules</Filter>
    </ClInclude>
    <ClInclude Include="$(MSBuildThisFileDirectory)Modules\I18nModule.h">
      <Filter>Modules</Filter>
    </ClInclude>
    <ClInclude Include="$(MSBuildThisFileDirectory)Modules\PlatformConstantsModule.h">
      <Filter>Modules</Filter>
    </ClInclude>
    <ClInclude Include="$(MSBuildThisFileDirectory)Modules\SourceCodeModule.h">
      <Filter>Modules</Filter>
    </ClInclude>
    <ClInclude Include="$(MSBuildThisFileDirectory)Modules\StatusBarManagerModule.h">
      <Filter>Modules</Filter>
    </ClInclude>
    <ClInclude Include="$(MSBuildThisFileDirectory)Modules\WebSocketModule.h">
      <Filter>Modules</Filter>
    </ClInclude>
    <ClInclude Include="$(MSBuildThisFileDirectory)tracing\fbsystrace.h">
      <Filter>tracing</Filter>
    </ClInclude>
    <ClInclude Include="$(MSBuildThisFileDirectory)Pch\pch.h">
      <Filter>Pch</Filter>
    </ClInclude>
    <ClInclude Include="$(MSBuildThisFileDirectory)AbiSafe.h" />
    <ClInclude Include="$(MSBuildThisFileDirectory)BaseScriptStoreImpl.h" />
    <ClInclude Include="$(MSBuildThisFileDirectory)BatchingMessageQueueThread.h" />
    <ClInclude Include="$(MSBuildThisFileDirectory)ChakraRuntimeHolder.h" />
    <ClInclude Include="$(MSBuildThisFileDirectory)CreateModules.h" />
    <ClInclude Include="$(MSBuildThisFileDirectory)CxxMessageQueue.h" />
    <ClInclude Include="$(MSBuildThisFileDirectory)DevServerHelper.h" />
    <ClInclude Include="$(MSBuildThisFileDirectory)DevSettings.h" />
    <ClInclude Include="$(MSBuildThisFileDirectory)IDevSupportManager.h" />
    <ClInclude Include="$(MSBuildThisFileDirectory)InstanceManager.h" />
    <ClInclude Include="$(MSBuildThisFileDirectory)IReactRootView.h" />
    <ClInclude Include="$(MSBuildThisFileDirectory)IRedBoxHandler.h" />
    <ClInclude Include="$(MSBuildThisFileDirectory)JSBigAbiString.h" />
    <ClInclude Include="$(MSBuildThisFileDirectory)LayoutAnimation.h" />
    <ClInclude Include="$(MSBuildThisFileDirectory)Logging.h" />
    <ClInclude Include="$(MSBuildThisFileDirectory)MemoryMappedBuffer.h" />
    <ClInclude Include="$(MSBuildThisFileDirectory)NativeModuleProvider.h" />
    <ClInclude Include="$(MSBuildThisFileDirectory)OInstance.h" />
    <ClInclude Include="$(MSBuildThisFileDirectory)ShadowNode.h" />
    <ClInclude Include="$(MSBuildThisFileDirectory)ShadowNodeRegistry.h" />
    <ClInclude Include="$(MSBuildThisFileDirectory)targetver.h" />
    <ClInclude Include="$(MSBuildThisFileDirectory)Tracing.h" />
    <ClInclude Include="$(MSBuildThisFileDirectory)TurboModuleManager.h" />
    <ClInclude Include="$(MSBuildThisFileDirectory)TurboModuleRegistry.h" />
    <ClInclude Include="$(MSBuildThisFileDirectory)Utils.h" />
    <ClInclude Include="$(MSBuildThisFileDirectory)WebSocketJSExecutorFactory.h" />
    <ClInclude Include="$(MSBuildThisFileDirectory)Executors\WebSocketJSExecutor.h">
      <Filter>Executors</Filter>
    </ClInclude>
    <ClInclude Include="$(MSBuildThisFileDirectory)RuntimeOptions.h" />
    <ClInclude Include="$(MSBuildThisFileDirectory)Modules\NetworkingModule.h">
      <Filter>Modules</Filter>
    </ClInclude>
    <ClInclude Include="$(MSBuildThisFileDirectory)Threading\BatchingQueueThread.h">
      <Filter>Threading</Filter>
    </ClInclude>
    <ClInclude Include="$(MSBuildThisFileDirectory)Threading\MessageDispatchQueue.h">
      <Filter>Threading</Filter>
    </ClInclude>
    <ClInclude Include="$(MSBuildThisFileDirectory)Threading\MessageQueueThreadFactory.h">
      <Filter>Threading</Filter>
    </ClInclude>
    <ClInclude Include="$(MSBuildThisFileDirectory)Utils\CppWinrtLessExceptions.h">
      <Filter>Utils</Filter>
    </ClInclude>
    <ClInclude Include="$(MSBuildThisFileDirectory)JSI\ByteArrayBuffer.h">
      <Filter>JSI</Filter>
    </ClInclude>
    <ClInclude Include="$(MSBuildThisFileDirectory)JSI\ChakraApi.h">
      <Filter>JSI</Filter>
    </ClInclude>
    <ClInclude Include="$(MSBuildThisFileDirectory)JSI\ChakraRuntime.h">
      <Filter>JSI</Filter>
    </ClInclude>
    <ClInclude Include="$(MSBuildThisFileDirectory)JSI\ChakraRuntimeArgs.h">
      <Filter>JSI</Filter>
    </ClInclude>
    <ClInclude Include="$(MSBuildThisFileDirectory)JSI\ChakraRuntimeFactory.h">
      <Filter>JSI</Filter>
    </ClInclude>
    <ClInclude Include="$(MSBuildThisFileDirectory)JSI\RuntimeHolder.h">
      <Filter>JSI</Filter>
    </ClInclude>
    <ClInclude Include="$(MSBuildThisFileDirectory)JSI\JSExecutorFactoryDelegate.h">
      <Filter>JSI</Filter>
    </ClInclude>
    <ClInclude Include="$(MSBuildThisFileDirectory)JSI\JSExecutorFactorySettings.h">
      <Filter>JSI</Filter>
    </ClInclude>
    <ClInclude Include="$(MSBuildThisFileDirectory)JSI\ScriptStore.h">
      <Filter>JSI</Filter>
    </ClInclude>
    <ClInclude Include="$(MSBuildThisFileDirectory)..\include\Shared\cdebug.h" />
    <ClInclude Include="$(MSBuildThisFileDirectory)tracing\tracing.h">
      <Filter>tracing</Filter>
    </ClInclude>
    <ClInclude Include="$(MSBuildThisFileDirectory)Modules\HttpModule.h">
      <Filter>Modules</Filter>
    </ClInclude>
    <ClInclude Include="$(MSBuildThisFileDirectory)Utils\WinRTConversions.h">
      <Filter>Utils</Filter>
    </ClInclude>
    <ClInclude Include="$(MSBuildThisFileDirectory)Networking\OriginPolicyHttpFilter.h">
      <Filter>Networking</Filter>
    </ClInclude>
    <ClInclude Include="$(MSBuildThisFileDirectory)Networking\OriginPolicy.h">
      <Filter>Networking</Filter>
    </ClInclude>
    <ClInclude Include="$(MSBuildThisFileDirectory)Networking\IHttpResource.h">
      <Filter>Networking</Filter>
    </ClInclude>
    <ClInclude Include="$(MSBuildThisFileDirectory)Networking\IWebSocketResource.h">
      <Filter>Networking</Filter>
    </ClInclude>
    <ClInclude Include="$(MSBuildThisFileDirectory)Networking\WinRTHttpResource.h">
      <Filter>Networking</Filter>
    </ClInclude>
    <ClInclude Include="$(MSBuildThisFileDirectory)Networking\WinRTWebSocketResource.h">
      <Filter>Networking</Filter>
    </ClInclude>
    <ClInclude Include="$(MSBuildThisFileDirectory)Networking\WinRTTypes.h">
      <Filter>Networking</Filter>
    </ClInclude>
    <ClInclude Include="$(MSBuildThisFileDirectory)CppRuntimeOptions.h" />
    <ClInclude Include="$(MSBuildThisFileDirectory)Modules\IHttpModuleProxy.h">
      <Filter>Modules</Filter>
    </ClInclude>
    <ClInclude Include="$(MSBuildThisFileDirectory)Modules\IUriHandler.h">
      <Filter>Modules</Filter>
    </ClInclude>
    <ClInclude Include="$(MSBuildThisFileDirectory)Modules\IRequestBodyHandler.h">
      <Filter>Modules</Filter>
    </ClInclude>
    <ClInclude Include="$(MSBuildThisFileDirectory)Modules\IResponseHandler.h">
      <Filter>Modules</Filter>
    </ClInclude>
    <ClInclude Include="$(MSBuildThisFileDirectory)Modules\CxxModuleUtilities.h">
      <Filter>Modules</Filter>
    </ClInclude>
    <ClInclude Include="$(MSBuildThisFileDirectory)Modules\FileReaderModule.h">
      <Filter>Modules</Filter>
    </ClInclude>
    <ClInclude Include="$(MSBuildThisFileDirectory)Networking\RedirectHttpFilter.h">
      <Filter>Networking</Filter>
    </ClInclude>
    <ClInclude Include="$(MSBuildThisFileDirectory)Networking\IWinRTHttpRequestFactory.h">
      <Filter>Networking</Filter>
    </ClInclude>
    <ClInclude Include="$(MSBuildThisFileDirectory)Networking\IRedirectEventSource.h">
      <Filter>Networking</Filter>
    </ClInclude>
    <ClInclude Include="$(MSBuildThisFileDirectory)Modules\BlobModule.h">
      <Filter>Modules</Filter>
    </ClInclude>
    <ClInclude Include="$(MSBuildThisFileDirectory)Modules\IWebSocketModuleProxy.h">
      <Filter>Modules</Filter>
    </ClInclude>
    <ClInclude Include="$(MSBuildThisFileDirectory)Modules\IWebSocketModuleContentHandler.h">
      <Filter>Modules</Filter>
    </ClInclude>
    <ClInclude Include="$(MSBuildThisFileDirectory)..\codegen\react\components\rnwcore\EventEmitters.h">
      <Filter>Fabric\codegen\react\components\rnwcore</Filter>
    </ClInclude>
    <ClInclude Include="$(MSBuildThisFileDirectory)..\codegen\react\components\rnwcore\Props.h">
      <Filter>Fabric\codegen\react\components\rnwcore</Filter>
    </ClInclude>
    <ClInclude Include="$(MSBuildThisFileDirectory)..\codegen\react\components\rnwcore\ShadowNodes.h">
      <Filter>Fabric\codegen\react\components\rnwcore</Filter>
    </ClInclude>
    <ClInclude Include="$(MSBuildThisFileDirectory)..\Microsoft.ReactNative\Fabric\DWriteHelpers.h">
      <Filter>Fabric</Filter>
    </ClInclude>
    <ClInclude Include="$(MSBuildThisFileDirectory)..\Microsoft.ReactNative\Fabric\FabricUIManagerModule.h">
      <Filter>Fabric</Filter>
    </ClInclude>
    <ClInclude Include="$(MSBuildThisFileDirectory)..\Microsoft.ReactNative\Fabric\ReactNativeConfigProperties.h">
      <Filter>Fabric</Filter>
    </ClInclude>
    <ClInclude Include="$(MSBuildThisFileDirectory)..\Microsoft.ReactNative\Fabric\WindowsImageManager.h">
      <Filter>Fabric</Filter>
    </ClInclude>
    <ClInclude Include="$(MSBuildThisFileDirectory)..\Microsoft.ReactNative\SchedulerSettings.h" />
    <ClInclude Include="$(MSBuildThisFileDirectory)..\Microsoft.ReactNative\Fabric\Composition\ComponentViewRegistry.h">
      <Filter>Fabric\Composition</Filter>
    </ClInclude>
    <ClInclude Include="$(MSBuildThisFileDirectory)..\Microsoft.ReactNative\Fabric\Composition\CompositionEventHandler.h">
      <Filter>Fabric\Composition</Filter>
    </ClInclude>
    <ClInclude Include="$(MSBuildThisFileDirectory)..\Microsoft.ReactNative\Fabric\Composition\CompositionHelpers.h">
      <Filter>Fabric\Composition</Filter>
    </ClInclude>
    <ClInclude Include="$(MSBuildThisFileDirectory)..\Microsoft.ReactNative\Fabric\Composition\ImageComponentView.h">
      <Filter>Fabric\Composition</Filter>
    </ClInclude>
    <ClInclude Include="$(MSBuildThisFileDirectory)..\Microsoft.ReactNative\Fabric\Composition\Modal\WindowsModalHostViewComponentView.h">
      <Filter>Fabric\Composition</Filter>
    </ClInclude>
    <ClInclude Include="$(MSBuildThisFileDirectory)..\Microsoft.ReactNative\Fabric\Composition\Modal\WindowsModalHostViewShadowNode.h">
      <Filter>Fabric\Composition</Filter>
    </ClInclude>
    <ClInclude Include="$(MSBuildThisFileDirectory)..\Microsoft.ReactNative\Fabric\Composition\ParagraphComponentView.h">
      <Filter>Fabric\Composition</Filter>
    </ClInclude>
    <ClInclude Include="$(MSBuildThisFileDirectory)..\Microsoft.ReactNative\Fabric\Composition\ScrollViewComponentView.h">
      <Filter>Fabric\Composition</Filter>
    </ClInclude>
    <ClInclude Include="$(MSBuildThisFileDirectory)..\Microsoft.ReactNative\Fabric\Composition\SwitchComponentView.h">
      <Filter>Fabric\Composition</Filter>
    </ClInclude>
    <ClInclude Include="$(MSBuildThisFileDirectory)..\Microsoft.ReactNative\Fabric\Composition\TextInput\WindowsTextInputComponentView.h">
      <Filter>Fabric\Composition\TextInput</Filter>
    </ClInclude>
    <ClInclude Include="$(MSBuildThisFileDirectory)..\Microsoft.ReactNative\Fabric\Composition\TextInput\WindowsTextInputEventEmitter.h">
      <Filter>Fabric\Composition\TextInput</Filter>
    </ClInclude>
    <ClInclude Include="$(MSBuildThisFileDirectory)..\Microsoft.ReactNative\Fabric\Composition\TextInput\WindowsTextInputProps.h">
      <Filter>Fabric\Composition\TextInput</Filter>
    </ClInclude>
    <ClInclude Include="$(MSBuildThisFileDirectory)..\Microsoft.ReactNative\Fabric\Composition\TextInput\WindowsTextInputShadowNode.h">
      <Filter>Fabric\Composition\TextInput</Filter>
    </ClInclude>
    <ClInclude Include="$(MSBuildThisFileDirectory)..\Microsoft.ReactNative\Fabric\Composition\TextInput\WindowsTextInputState.h">
      <Filter>Fabric\Composition\TextInput</Filter>
    </ClInclude>
    <ClInclude Include="$(MSBuildThisFileDirectory)..\Microsoft.ReactNative\Fabric\Composition\CompositionContextHelper.h">
      <Filter>Fabric\Composition</Filter>
    </ClInclude>
    <ClInclude Include="$(MSBuildThisFileDirectory)..\Microsoft.ReactNative\Fabric\Composition\CompositionHwndHost.h">
      <Filter>Fabric\Composition</Filter>
    </ClInclude>
    <ClInclude Include="$(MSBuildThisFileDirectory)..\Microsoft.ReactNative\Fabric\Composition\CompositionRootAutomationProvider.h">
      <Filter>Fabric\Composition</Filter>
    </ClInclude>
    <ClInclude Include="$(MSBuildThisFileDirectory)..\Microsoft.ReactNative\Fabric\Composition\CompositionDynamicAutomationProvider.h">
      <Filter>Fabric\Composition</Filter>
    </ClInclude>
    <ClInclude Include="$(MSBuildThisFileDirectory)..\Microsoft.ReactNative\Fabric\Composition\ReactNativeIsland.h">
      <Filter>Fabric\Composition</Filter>
    </ClInclude>
    <ClInclude Include="$(MSBuildThisFileDirectory)..\Microsoft.ReactNative\Fabric\Composition\CompositionUIService.h">
      <Filter>Fabric\Composition</Filter>
    </ClInclude>
    <ClInclude Include="$(MSBuildThisFileDirectory)..\Microsoft.ReactNative\Fabric\platform\react\renderer\graphics\Color.h">
      <Filter>Fabric\platform\react\renderer\graphics</Filter>
    </ClInclude>
    <ClInclude Include="$(MSBuildThisFileDirectory)..\Microsoft.ReactNative\Fabric\platform\react\renderer\textlayoutmanager\TextLayoutManager.h">
      <Filter>Fabric\platform\react\renderer\textlayoutmanager</Filter>
    </ClInclude>
    <ClInclude Include="$(MSBuildThisFileDirectory)..\Microsoft.ReactNative\Fabric\Composition\RootComponentView.h" />
    <ClInclude Include="$(MSBuildThisFileDirectory)..\Microsoft.ReactNative\Fabric\AbiViewProps.h" />
    <ClInclude Include="$(MSBuildThisFileDirectory)..\Microsoft.ReactNative\Fabric\AbiViewComponentDescriptor.h" />
    <ClInclude Include="$(MSBuildThisFileDirectory)..\Microsoft.ReactNative\Fabric\Composition\UiaHelpers.h" />
    <ClInclude Include="$(MSBuildThisFileDirectory)IFileReaderResource.h" />
    <ClInclude Include="$(MSBuildThisFileDirectory)BaseFileReaderResource.h" />
    <ClInclude Include="$(MSBuildThisFileDirectory)..\Microsoft.ReactNative\Fabric\platform\react\renderer\core\graphicsConversions.h">
      <Filter>Fabric\platform\react\renderer\core</Filter>
    </ClInclude>
    <ClInclude Include="$(MSBuildThisFileDirectory)Modules\WebSocketTurboModule.h">
      <Filter>Modules</Filter>
    </ClInclude>
    <ClInclude Include="$(MSBuildThisFileDirectory)Networking\IBlobResource.h">
      <Filter>Networking</Filter>
    </ClInclude>
    <ClInclude Include="$(MSBuildThisFileDirectory)Networking\DefaultBlobResource.h">
      <Filter>Networking</Filter>
    </ClInclude>
    <ClInclude Include="$(MSBuildThisFileDirectory)IBlobPersistor.h" />
    <ClInclude Include="$(MSBuildThisFileDirectory)..\Microsoft.ReactNative\Fabric\platform\react\renderer\components\view\HostPlatformTouch.h" />
    <ClInclude Include="$(MSBuildThisFileDirectory)..\Microsoft.ReactNative\Fabric\platform\react\renderer\components\view\HostPlatformViewEventEmitter.h" />
    <ClInclude Include="$(MSBuildThisFileDirectory)Modules\BlobCollector.h">
      <Filter>Modules</Filter>
    </ClInclude>
    <ClInclude Include="$(MSBuildThisFileDirectory)HermesRuntimeHolder.h">
      <Filter>Hermes</Filter>
    </ClInclude>
    <ClInclude Include="$(MSBuildThisFileDirectory)HermesSamplingProfiler.h">
      <Filter>Hermes</Filter>
    </ClInclude>
    <ClInclude Include="$(NodeApiJsiDir)src\ApiLoaders\HermesApi.h" />
    <ClInclude Include="$(NodeApiJsiDir)src\ApiLoaders\HermesApi.inc" />
    <ClInclude Include="$(MSBuildThisFileDirectory)..\Microsoft.ReactNative\JsiApi.h" />
    <ClInclude Include="$(MSBuildThisFileDirectory)JSI\V8RuntimeHolder.h" />
    <ClInclude Include="$(MSBuildThisFileDirectory)SafeLoadLibrary.h" />
    <ClInclude Include="$(MSBuildThisFileDirectory)V8JSIRuntimeHolder.h" />
    <ClInclude Include="$(MSBuildThisFileDirectory)..\Microsoft.ReactNative\Fabric\Composition\Modal\WindowsModalHostViewSate.h" />
    <ClInclude Include="$(MSBuildThisFileDirectory)..\Microsoft.ReactNative\Fabric\Composition\CompositionViewComponentView.h" />
    <ClInclude Include="$(MSBuildThisFileDirectory)ModernInspectorPackagerConnectionDelegate.h">
      <Filter>Inspector</Filter>
    </ClInclude>
    <ClInclude Include="$(MSBuildThisFileDirectory)ModernInspectorThread.h">
      <Filter>Inspector</Filter>
    </ClInclude>
    <ClInclude Include="$(MSBuildThisFileDirectory)InspectorPackagerConnection.h">
      <Filter>Inspector</Filter>
    </ClInclude>
  </ItemGroup>
  <ItemGroup>
    <None Include="$(MSBuildThisFileDirectory)tracing\rnw.wprp">
      <Filter>tracing</Filter>
    </None>
  </ItemGroup>
  <ItemGroup>
    <Midl Include="$(MSBuildThisFileDirectory)..\Microsoft.ReactNative\HttpSettings.idl" />
    <Midl Include="$(MSBuildThisFileDirectory)..\Microsoft.ReactNative\IJSValueReader.idl" />
    <Midl Include="$(MSBuildThisFileDirectory)..\Microsoft.ReactNative\IJSValueWriter.idl" />
    <Midl Include="$(MSBuildThisFileDirectory)..\Microsoft.ReactNative\IReactContext.idl" />
    <Midl Include="$(MSBuildThisFileDirectory)..\Microsoft.ReactNative\IReactDispatcher.idl" />
    <Midl Include="$(MSBuildThisFileDirectory)..\Microsoft.ReactNative\IReactModuleBuilder.idl" />
    <Midl Include="$(MSBuildThisFileDirectory)..\Microsoft.ReactNative\IReactNonAbiValue.idl" />
    <Midl Include="$(MSBuildThisFileDirectory)..\Microsoft.ReactNative\IReactNotificationService.idl" />
    <Midl Include="$(MSBuildThisFileDirectory)..\Microsoft.ReactNative\IReactPackageBuilder.idl" />
    <Midl Include="$(MSBuildThisFileDirectory)..\Microsoft.ReactNative\IReactPackageProvider.idl" />
    <Midl Include="$(MSBuildThisFileDirectory)..\Microsoft.ReactNative\IReactPropertyBag.idl" />
    <Midl Include="$(MSBuildThisFileDirectory)..\Microsoft.ReactNative\JsiApi.idl" />
    <Midl Include="$(MSBuildThisFileDirectory)..\Microsoft.ReactNative\QuirkSettings.idl" />
    <Midl Include="$(MSBuildThisFileDirectory)..\Microsoft.ReactNative\ReactCoreInjection.idl" />
    <Midl Include="$(MSBuildThisFileDirectory)..\Microsoft.ReactNative\ReactInstanceSettings.idl" />
    <Midl Include="$(MSBuildThisFileDirectory)..\Microsoft.ReactNative\ReactNativeHost.idl" />
    <Midl Include="$(MSBuildThisFileDirectory)..\Microsoft.ReactNative\RedBoxHandler.idl" />
    <Midl Include="$(MSBuildThisFileDirectory)..\Microsoft.ReactNative\Timer.idl" />
  </ItemGroup>
</Project>