<?xml version="1.0" encoding="utf-8"?>
<Project ToolsVersion="4.0" xmlns="http://schemas.microsoft.com/developer/msbuild/2003">
  <ItemGroup>
    <ClCompile Include="$(MSBuildThisFileDirectory)JSValue.cpp" />
    <ClCompile Include="$(MSBuildThisFileDirectory)JSValueTreeReader.cpp" />
    <ClCompile Include="$(MSBuildThisFileDirectory)JSValueTreeWriter.cpp" />
    <ClCompile Include="$(MSBuildThisFileDirectory)ModuleRegistration.cpp" />
    <ClCompile Include="$(MSBuildThisFileDirectory)ReactPromise.cpp" />
    <ClCompile Include="$(JSI_SourcePath)\jsi\jsi.cpp">
      <Filter>JSI</Filter>
    </ClCompile>
    <ClCompile Include="$(MSBuildThisFileDirectory)JSI\JsiAbiApi.cpp">
      <Filter>JSI</Filter>
    </ClCompile>
  </ItemGroup>
  <ItemGroup>
    <ClInclude Include="$(MSBuildThisFileDirectory)CppWinRTIncludes.h" />
    <ClInclude Include="$(MSBuildThisFileDirectory)Crash.h" />
    <ClInclude Include="$(MSBuildThisFileDirectory)ReactHandleHelper.h" />
    <ClInclude Include="$(MSBuildThisFileDirectory)JSValue.h" />
    <ClInclude Include="$(MSBuildThisFileDirectory)JSValueReader.h" />
    <ClInclude Include="$(MSBuildThisFileDirectory)JSValueTreeReader.h" />
    <ClInclude Include="$(MSBuildThisFileDirectory)JSValueTreeWriter.h" />
    <ClInclude Include="$(MSBuildThisFileDirectory)JSValueWriter.h" />
    <ClInclude Include="$(MSBuildThisFileDirectory)JSValueXaml.h" />
    <ClInclude Include="$(MSBuildThisFileDirectory)ModuleRegistration.h" />
    <ClInclude Include="$(MSBuildThisFileDirectory)NamespaceRedirect.h" />
    <ClInclude Include="$(MSBuildThisFileDirectory)NativeModules.h" />
    <ClInclude Include="$(MSBuildThisFileDirectory)ReactDispatcher.h" />
    <ClInclude Include="$(MSBuildThisFileDirectory)ReactNonAbiValue.h" />
    <ClInclude Include="$(MSBuildThisFileDirectory)ReactNotificationService.h" />
    <ClInclude Include="$(MSBuildThisFileDirectory)ReactPropertyBag.h" />
    <ClInclude Include="$(MSBuildThisFileDirectory)ReactContext.h" />
    <ClInclude Include="$(MSBuildThisFileDirectory)ReactError.h" />
    <ClInclude Include="$(MSBuildThisFileDirectory)ReactPromise.h" />
    <ClInclude Include="$(MSBuildThisFileDirectory)StructInfo.h" />
    <ClInclude Include="$(MSBuildThisFileDirectory)UI.Composition.Effects.h" />
    <ClInclude Include="$(MSBuildThisFileDirectory)UI.Composition.h" />
    <ClInclude Include="$(MSBuildThisFileDirectory)UI.Input.h" />
    <ClInclude Include="$(MSBuildThisFileDirectory)UI.Popups.h" />
    <ClInclude Include="$(MSBuildThisFileDirectory)UI.Text.h" />
    <ClInclude Include="$(MSBuildThisFileDirectory)XamlHelpers.h" />
    <ClInclude Include="$(MSBuildThisFileDirectory)UI.Xaml.Automation.h" />
    <ClInclude Include="$(MSBuildThisFileDirectory)UI.Xaml.Automation.Peers.h" />
    <ClInclude Include="$(MSBuildThisFileDirectory)UI.Xaml.Controls.Primitives.h" />
    <ClInclude Include="$(MSBuildThisFileDirectory)UI.Xaml.Documents.h" />
    <ClInclude Include="$(MSBuildThisFileDirectory)UI.Xaml.Input.h" />
    <ClInclude Include="$(MSBuildThisFileDirectory)UI.Xaml.Markup.h" />
    <ClInclude Include="$(MSBuildThisFileDirectory)UI.Xaml.Media.h" />
    <ClInclude Include="$(MSBuildThisFileDirectory)UI.Xaml.Controls.h" />
    <ClInclude Include="$(MSBuildThisFileDirectory)UI.Xaml.Media.Imaging.h" />
    <ClInclude Include="$(MSBuildThisFileDirectory)UI.Xaml.Media.Media3D.h" />
    <ClInclude Include="$(MSBuildThisFileDirectory)UI.Xaml.Navigation.h" />
    <ClInclude Include="$(MSBuildThisFileDirectory)UI.Xaml.Shapes.h" />
    <ClInclude Include="$(MSBuildThisFileDirectory)JSI\JsiValue.h">
      <Filter>JSI</Filter>
    </ClInclude>
    <ClInclude Include="$(JSI_SourcePath)\jsi\jsi-inl.h">
      <Filter>JSI</Filter>
    </ClInclude>
    <ClInclude Include="$(JSI_SourcePath)\jsi\instrumentation.h">
      <Filter>JSI</Filter>
    </ClInclude>
    <ClInclude Include="$(JSI_SourcePath)\jsi\jsi.h">
      <Filter>JSI</Filter>
    </ClInclude>
    <ClInclude Include="$(MSBuildThisFileDirectory)JSI\JsiAbiApi.h">
      <Filter>JSI</Filter>
    </ClInclude>
  </ItemGroup>
  <ItemGroup>
    <Filter Include="JSI">
      <UniqueIdentifier>{ea50d55f-794e-4abc-ae27-1706003ba3e7}</UniqueIdentifier>
    </Filter>
  </ItemGroup>
</Project>