<?xml version="1.0" encoding="utf-8"?>
<Project ToolsVersion="15.0" xmlns="http://schemas.microsoft.com/developer/msbuild/2003">
  <ItemGroup>
    <Filter Include="Resource Files">
      <UniqueIdentifier>{67DA6AB6-F800-4c08-8B7A-83BB121AAD01}</UniqueIdentifier>
      <Extensions>rc;ico;cur;bmp;dlg;rc2;rct;bin;rgs;gif;jpg;jpeg;jpe;resx;tga;tiff;tif;png;wav;mfcribbon-ms</Extensions>
    </Filter>
  </ItemGroup>
  <ItemGroup>
    <ClCompile Include="dllmain.cpp" />
    <ClCompile Include="JSEngine.V8.cpp" />
    <ClCompile Include="pch.cpp" />
    <ClCompile Include="env_v8.cc" />
    <ClCompile Include="js_native_api_v8.cc" />
  </ItemGroup>
  <ItemGroup>
    <ClInclude Include="JSEngine.V8.h" />
    <ClInclude Include="pch.h" />
    <ClInclude Include="targetver.h" />
    <ClInclude Include="js_native_api_v8.h" />
    <ClInclude Include="js_native_api_v8_internals.h" />
  </ItemGroup>
</Project>